PODS:
  - AFNetworking (3.1.0):
    - AFNetworking/NSURLSession (= 3.1.0)
    - AFNetworking/Reachability (= 3.1.0)
    - AFNetworking/Security (= 3.1.0)
    - AFNetworking/Serialization (= 3.1.0)
    - AFNetworking/UIKit (= 3.1.0)
  - AFNetworking/NSURLSession (3.1.0):
    - AFNetworking/Reachability
    - AFNetworking/Security
    - AFNetworking/Serialization
  - AFNetworking/Reachability (3.1.0)
  - AFNetworking/Security (3.1.0)
  - AFNetworking/Serialization (3.1.0)
  - AFNetworking/UIKit (3.1.0):
    - AFNetworking/NSURLSession
  - Bolts (1.8.4):
    - Bolts/AppLinks (= 1.8.4)
    - Bolts/Tasks (= 1.8.4)
  - Bolts/AppLinks (1.8.4):
    - Bolts/Tasks
  - Bolts/Tasks (1.8.4)
  - DACircularProgress (2.3.1)
  - FBSDKCoreKit (4.20.0):
    - Bolts (~> 1.7)
  - FBSDKLoginKit (4.20.0):
    - FBSDKCoreKit
  - FBSDKShareKit (4.20.0):
    - FBSDKCoreKit
  - googleplus-ios-sdk (1.7.1)
  - GooglePlusShareActivity (0.2.11):
    - googleplus-ios-sdk (~> 1.7.1)
  - IQKeyboardManager (4.0.8)
  - MBProgressHUD (0.9.2)
  - MWPhotoBrowser (2.1.2):
    - DACircularProgress (~> 2.3)
    - MBProgressHUD (~> 0.9)
    - SDWebImage (!= 3.7.2, ~> 3.7)
  - QBImagePickerController (3.4.0)
  - SDWebImage (3.8.2):
    - SDWebImage/Core (= 3.8.2)
  - SDWebImage/Core (3.8.2)

DEPENDENCIES:
  - AFNetworking (~> 3.0)
  - FBSDKCoreKit
  - FBSDKLoginKit
  - FBSDKShareKit
  - GooglePlusShareActivity
  - IQKeyboardManager
  - MWPhotoBrowser
  - QBImagePickerController

SPEC CHECKSUMS:
  AFNetworking: 5e0e199f73d8626b11e79750991f5d173d1f8b67
  Bolts: 8a7995239dbe724f9cba2248b766d48b7ebdd322
  DACircularProgress: 4dd437c0fc3da5161cb289e07ac449493d41db71
  FBSDKCoreKit: 2d16979b28fe28c2b95af0d275ad5f9703c6c8de
  FBSDKLoginKit: a9d9391506c687e2304a590bf9312837fce7f375
  FBSDKShareKit: 1b91af62a603d67f392bc7fde63bc4a0705dde31
  googleplus-ios-sdk: 065d9135061a5f84c07656a68ced48336408fe35
  GooglePlusShareActivity: 5dd746b28db5dfa37c0bdf1cc47073abaf9d8f95
  IQKeyboardManager: 1a8189fa153bf09044355ee0ad36826f6767e7f7
  MBProgressHUD: 1569cf7ace17a8bac47aabfbb8580a49690386d1
  MWPhotoBrowser: 5836d7aa041dc05a13de380c246826578adc5ea5
  QBImagePickerController: d54cf93db6decf26baf6ed3472f336ef35cae022
  SDWebImage: 098e97e6176540799c27e804c96653ee0833d13c

PODFILE CHECKSUM: bbfdc6986aa4c097b98e09f09ea9a7ab8f26d103

COCOAPODS: 1.2.0
